// !$*UTF8*$!
{
	archiveVersion = 1;
	classes = {
	};
	objectVersion = 50;
	objects = {

/* Begin PBXBuildFile section */
		1635D201245561EF00438727 /* AppDelegate.swift in Sources */ = {isa = PBXBuildFile; fileRef = 1635D200245561EF00438727 /* AppDelegate.swift */; };
		1635D203245561EF00438727 /* SceneDelegate.swift in Sources */ = {isa = PBXBuildFile; fileRef = 1635D202245561EF00438727 /* SceneDelegate.swift */; };
		1635D205245561EF00438727 /* ConcentrationViewController.swift in Sources */ = {isa = PBXBuildFile; fileRef = 1635D204245561EF00438727 /* ConcentrationViewController.swift */; };
		1635D208245561EF00438727 /* Main.storyboard in Resources */ = {isa = PBXBuildFile; fileRef = 1635D206245561EF00438727 /* Main.storyboard */; };
		1635D20A245561F700438727 /* Assets.xcassets in Resources */ = {isa = PBXBuildFile; fileRef = 1635D209245561F700438727 /* Assets.xcassets */; };
		1635D20D245561F700438727 /* LaunchScreen.storyboard in Resources */ = {isa = PBXBuildFile; fileRef = 1635D20B245561F700438727 /* LaunchScreen.storyboard */; };
		1635D21524556A4300438727 /* Concentration.swift in Sources */ = {isa = PBXBuildFile; fileRef = 1635D21424556A4300438727 /* Concentration.swift */; };
		1635D21724556CE000438727 /* Card.swift in Sources */ = {isa = PBXBuildFile; fileRef = 1635D21624556CE000438727 /* Card.swift */; };
		169173B72471465100355933 /* ConcentrationThemeChooserViewController.swift in Sources */ = {isa = PBXBuildFile; fileRef = 169173B62471465100355933 /* ConcentrationThemeChooserViewController.swift */; };
/* End PBXBuildFile section */

/* Begin PBXFileReference section */
		1635D1FD245561EF00438727 /* Concentration.app */ = {isa = PBXFileReference; explicitFileType = wrapper.application; includeInIndex = 0; path = Concentration.app; sourceTree = BUILT_PRODUCTS_DIR; };
		1635D200245561EF00438727 /* AppDelegate.swift */ = {isa = PBXFileReference; lastKnownFileType = sourcecode.swift; path = AppDelegate.swift; sourceTree = "<group>"; };
		1635D202245561EF00438727 /* SceneDelegate.swift */ = {isa = PBXFileReference; lastKnownFileType = sourcecode.swift; path = SceneDelegate.swift; sourceTree = "<group>"; };
		1635D204245561EF00438727 /* ConcentrationViewController.swift */ = {isa = PBXFileReference; lastKnownFileType = sourcecode.swift; path = ConcentrationViewController.swift; sourceTree = "<group>"; };
		1635D207245561EF00438727 /* Base */ = {isa = PBXFileReference; lastKnownFileType = file.storyboard; name = Base; path = Base.lproj/Main.storyboard; sourceTree = "<group>"; };
		1635D209245561F700438727 /* Assets.xcassets */ = {isa = PBXFileReference; lastKnownFileType = folder.assetcatalog; path = Assets.xcassets; sourceTree = "<group>"; };
		1635D20C245561F700438727 /* Base */ = {isa = PBXFileReference; lastKnownFileType = file.storyboard; name = Base; path = Base.lproj/LaunchScreen.storyboard; sourceTree = "<group>"; };
		1635D20E245561F700438727 /* Info.plist */ = {isa = PBXFileReference; lastKnownFileType = text.plist.xml; path = Info.plist; sourceTree = "<group>"; };
		1635D21424556A4300438727 /* Concentration.swift */ = {isa = PBXFileReference; lastKnownFileType = sourcecode.swift; path = Concentration.swift; sourceTree = "<group>"; };
		1635D21624556CE000438727 /* Card.swift */ = {isa = PBXFileReference; lastKnownFileType = sourcecode.swift; path = Card.swift; sourceTree = "<group>"; };
		169173B62471465100355933 /* ConcentrationThemeChooserViewController.swift */ = {isa = PBXFileReference; lastKnownFileType = sourcecode.swift; path = ConcentrationThemeChooserViewController.swift; sourceTree = "<group>"; };
/* End PBXFileReference section */

/* Begin PBXFrameworksBuildPhase section */
		1635D1FA245561EF00438727 /* Frameworks */ = {
			isa = PBXFrameworksBuildPhase;
			buildActionMask = 2147483647;
			files = (
			);
			runOnlyForDeploymentPostprocessing = 0;
		};
/* End PBXFrameworksBuildPhase section */

/* Begin PBXGroup section */
		1635D1F4245561EF00438727 = {
			isa = PBXGroup;
			children = (
				1635D1FF245561EF00438727 /* Concentration */,
				1635D1FE245561EF00438727 /* Products */,
			);
			sourceTree = "<group>";
		};
		1635D1FE245561EF00438727 /* Products */ = {
			isa = PBXGroup;
			children = (
				1635D1FD245561EF00438727 /* Concentration.app */,
			);
			name = Products;
			sourceTree = "<group>";
		};
		1635D1FF245561EF00438727 /* Concentration */ = {
			isa = PBXGroup;
			children = (
				1635D204245561EF00438727 /* ConcentrationViewController.swift */,
				1635D21424556A4300438727 /* Concentration.swift */,
				1635D21624556CE000438727 /* Card.swift */,
				1635D206245561EF00438727 /* Main.storyboard */,
				169173B62471465100355933 /* ConcentrationThemeChooserViewController.swift */,
				1635D2182455817700438727 /* Supporting Files */,
				1635D20E245561F700438727 /* Info.plist */,
			);
			path = Concentration;
			sourceTree = "<group>";
		};
		1635D2182455817700438727 /* Supporting Files */ = {
			isa = PBXGroup;
			children = (
				1635D200245561EF00438727 /* AppDelegate.swift */,
				1635D202245561EF00438727 /* SceneDelegate.swift */,
				1635D209245561F700438727 /* Assets.xcassets */,
				1635D20B245561F700438727 /* LaunchScreen.storyboard */,
			);
			path = "Supporting Files";
			sourceTree = "<group>";
		};
/* End PBXGroup section */

/* Begin PBXNativeTarget section */
		1635D1FC245561EF00438727 /* Concentration */ = {
			isa = PBXNativeTarget;
			buildConfigurationList = 1635D211245561F700438727 /* Build configuration list for PBXNativeTarget "Concentration" */;
			buildPhases = (
				1635D1F9245561EF00438727 /* Sources */,
				1635D1FA245561EF00438727 /* Frameworks */,
				1635D1FB245561EF00438727 /* Resources */,
			);
			buildRules = (
			);
			dependencies = (
			);
			name = Concentration;
			productName = Concentration;
			productReference = 1635D1FD245561EF00438727 /* Concentration.app */;
			productType = "com.apple.product-type.application";
		};
/* End PBXNativeTarget section */

/* Begin PBXProject section */
		1635D1F5245561EF00438727 /* Project object */ = {
			isa = PBXProject;
			attributes = {
				LastSwiftUpdateCheck = 1140;
				LastUpgradeCheck = 1140;
				ORGANIZATIONNAME = Soul;
				TargetAttributes = {
					1635D1FC245561EF00438727 = {
						CreatedOnToolsVersion = 11.4;
					};
				};
			};
			buildConfigurationList = 1635D1F8245561EF00438727 /* Build configuration list for PBXProject "Concentration" */;
			compatibilityVersion = "Xcode 9.3";
			developmentRegion = en;
			hasScannedForEncodings = 0;
			knownRegions = (
				en,
				Base,
			);
			mainGroup = 1635D1F4245561EF00438727;
			productRefGroup = 1635D1FE245561EF00438727 /* Products */;
			projectDirPath = "";
			projectRoot = "";
			targets = (
				1635D1FC245561EF00438727 /* Concentration */,
			);
		};
/* End PBXProject section */

/* Begin PBXResourcesBuildPhase section */
		1635D1FB245561EF00438727 /* Resources */ = {
			isa = PBXResourcesBuildPhase;
			buildActionMask = 2147483647;
			files = (
				1635D20D245561F700438727 /* LaunchScreen.storyboard in Resources */,
				1635D20A245561F700438727 /* Assets.xcassets in Resources */,
				1635D208245561EF00438727 /* Main.storyboard in Resources */,
			);
			runOnlyForDeploymentPostprocessing = 0;
		};
/* End PBXResourcesBuildPhase section */

/* Begin PBXSourcesBuildPhase section */
		1635D1F9245561EF00438727 /* Sources */ = {
			isa = PBXSourcesBuildPhase;
			buildActionMask = 2147483647;
			files = (
				1635D205245561EF00438727 /* ConcentrationViewController.swift in Sources */,
				1635D21524556A4300438727 /* Concentration.swift in Sources */,
				1635D21724556CE000438727 /* Card.swift in Sources */,
				1635D201245561EF00438727 /* AppDelegate.swift in Sources */,
				169173B72471465100355933 /* ConcentrationThemeChooserViewController.swift in Sources */,
				1635D203245561EF00438727 /* SceneDelegate.swift in Sources */,
			);
			runOnlyForDeploymentPostprocessing = 0;
		};
/* End PBXSourcesBuildPhase section */

/* Begin PBXVariantGroup section */
		1635D206245561EF00438727 /* Main.storyboard */ = {
			isa = PBXVariantGroup;
			children = (
				1635D207245561EF00438727 /* Base */,
			);
			name = Main.storyboard;
			sourceTree = "<group>";
		};
		1635D20B245561F700438727 /* LaunchScreen.storyboard */ = {
			isa = PBXVariantGroup;
			children = (
				1635D20C245561F700438727 /* Base */,
			);
			name = LaunchScreen.storyboard;
			sourceTree = "<group>";
		};
/* End PBXVariantGroup section */

/* Begin XCBuildConfiguration section */
		1635D20F245561F700438727 /* Debug */ = {
			isa = XCBuildConfiguration;
			buildSettings = {
				ALWAYS_SEARCH_USER_PATHS = NO;
				CLANG_ANALYZER_NONNULL = YES;
				CLANG_ANALYZER_NUMBER_OBJECT_CONVERSION = YES_AGGRESSIVE;
				CLANG_CXX_LANGUAGE_STANDARD = "gnu++14";
				CLANG_CXX_LIBRARY = "libc++";
				CLANG_ENABLE_MODULES = YES;
				CLANG_ENABLE_OBJC_ARC = YES;
				CLANG_ENABLE_OBJC_WEAK = YES;
				CLANG_WARN_BLOCK_CAPTURE_AUTORELEASING = YES;
				CLANG_WARN_BOOL_CONVERSION = YES;
				CLANG_WARN_COMMA = YES;
				CLANG_WARN_CONSTANT_CONVERSION = YES;
				CLANG_WARN_DEPRECATED_OBJC_IMPLEMENTATIONS = YES;
				CLANG_WARN_DIRECT_OBJC_ISA_USAGE = YES_ERROR;
				CLANG_WARN_DOCUMENTATION_COMMENTS = YES;
				CLANG_WARN_EMPTY_BODY = YES;
				CLANG_WARN_ENUM_CONVERSION = YES;
				CLANG_WARN_INFINITE_RECURSION = YES;
				CLANG_WARN_INT_CONVERSION = YES;
				CLANG_WARN_NON_LITERAL_NULL_CONVERSION = YES;
				CLANG_WARN_OBJC_IMPLICIT_RETAIN_SELF = YES;
				CLANG_WARN_OBJC_LITERAL_CONVERSION = YES;
				CLANG_WARN_OBJC_ROOT_CLASS = YES_ERROR;
				CLANG_WARN_RANGE_LOOP_ANALYSIS = YES;
				CLANG_WARN_STRICT_PROTOTYPES = YES;
				CLANG_WARN_SUSPICIOUS_MOVE = YES;
				CLANG_WARN_UNGUARDED_AVAILABILITY = YES_AGGRESSIVE;
				CLANG_WARN_UNREACHABLE_CODE = YES;
				CLANG_WARN__DUPLICATE_METHOD_MATCH = YES;
				COPY_PHASE_STRIP = NO;
				DEBUG_INFORMATION_FORMAT = dwarf;
				ENABLE_STRICT_OBJC_MSGSEND = YES;
				ENABLE_TESTABILITY = YES;
				GCC_C_LANGUAGE_STANDARD = gnu11;
				GCC_DYNAMIC_NO_PIC = NO;
				GCC_NO_COMMON_BLOCKS = YES;
				GCC_OPTIMIZATION_LEVEL = 0;
				GCC_PREPROCESSOR_DEFINITIONS = (
					"DEBUG=1",
					"$(inherited)",
				);
				GCC_WARN_64_TO_32_BIT_CONVERSION = YES;
				GCC_WARN_ABOUT_RETURN_TYPE = YES_ERROR;
				GCC_WARN_UNDECLARED_SELECTOR = YES;
				GCC_WARN_UNINITIALIZED_AUTOS = YES_AGGRESSIVE;
				GCC_WARN_UNUSED_FUNCTION = YES;
				GCC_WARN_UNUSED_VARIABLE = YES;
				IPHONEOS_DEPLOYMENT_TARGET = 13.4;
				MTL_ENABLE_DEBUG_INFO = INCLUDE_SOURCE;
				MTL_FAST_MATH = YES;
				ONLY_ACTIVE_ARCH = YES;
				SDKROOT = iphoneos;
				SWIFT_ACTIVE_COMPILATION_CONDITIONS = DEBUG;
				SWIFT_OPTIMIZATION_LEVEL = "-Onone";
			};
			name = Debug;
		};
		1635D210245561F700438727 /* Release */ = {
			isa = XCBuildConfiguration;
			buildSettings = {
				ALWAYS_SEARCH_USER_PATHS = NO;
				CLANG_ANALYZER_NONNULL = YES;
				CLANG_ANALYZER_NUMBER_OBJECT_CONVERSION = YES_AGGRESSIVE;
				CLANG_CXX_LANGUAGE_STANDARD = "gnu++14";
				CLANG_CXX_LIBRARY = "libc++";
				CLANG_ENABLE_MODULES = YES;
				CLANG_ENABLE_OBJC_ARC = YES;
				CLANG_ENABLE_OBJC_WEAK = YES;
				CLANG_WARN_BLOCK_CAPTURE_AUTORELEASING = YES;
				CLANG_WARN_BOOL_CONVERSION = YES;
				CLANG_WARN_COMMA = YES;
				CLANG_WARN_CONSTANT_CONVERSION = YES;
				CLANG_WARN_DEPRECATED_OBJC_IMPLEMENTATIONS = YES;
				CLANG_WARN_DIRECT_OBJC_ISA_USAGE = YES_ERROR;
				CLANG_WARN_DOCUMENTATION_COMMENTS = YES;
				CLANG_WARN_EMPTY_BODY = YES;
				CLANG_WARN_ENUM_CONVERSION = YES;
				CLANG_WARN_INFINITE_RECURSION = YES;
				CLANG_WARN_INT_CONVERSION = YES;
				CLANG_WARN_NON_LITERAL_NULL_CONVERSION = YES;
				CLANG_WARN_OBJC_IMPLICIT_RETAIN_SELF = YES;
				CLANG_WARN_OBJC_LITERAL_CONVERSION = YES;
				CLANG_WARN_OBJC_ROOT_CLASS = YES_ERROR;
				CLANG_WARN_RANGE_LOOP_ANALYSIS = YES;
				CLANG_WARN_STRICT_PROTOTYPES = YES;
				CLANG_WARN_SUSPICIOUS_MOVE = YES;
				CLANG_WARN_UNGUARDED_AVAILABILITY = YES_AGGRESSIVE;
				CLANG_WARN_UNREACHABLE_CODE = YES;
				CLANG_WARN__DUPLICATE_METHOD_MATCH = YES;
				COPY_PHASE_STRIP = NO;
				DEBUG_INFORMATION_FORMAT = "dwarf-with-dsym";
				ENABLE_NS_ASSERTIONS = NO;
				ENABLE_STRICT_OBJC_MSGSEND = YES;
				GCC_C_LANGUAGE_STANDARD = gnu11;
				GCC_NO_COMMON_BLOCKS = YES;
				GCC_WARN_64_TO_32_BIT_CONVERSION = YES;
				GCC_WARN_ABOUT_RETURN_TYPE = YES_ERROR;
				GCC_WARN_UNDECLARED_SELECTOR = YES;
				GCC_WARN_UNINITIALIZED_AUTOS = YES_AGGRESSIVE;
				GCC_WARN_UNUSED_FUNCTION = YES;
				GCC_WARN_UNUSED_VARIABLE = YES;
				IPHONEOS_DEPLOYMENT_TARGET = 13.4;
				MTL_ENABLE_DEBUG_INFO = NO;
				MTL_FAST_MATH = YES;
				SDKROOT = iphoneos;
				SWIFT_COMPILATION_MODE = wholemodule;
				SWIFT_OPTIMIZATION_LEVEL = "-O";
				VALIDATE_PRODUCT = YES;
			};
			name = Release;
		};
		1635D212245561F700438727 /* Debug */ = {
			isa = XCBuildConfiguration;
			buildSettings = {
				ASSETCATALOG_COMPILER_APPICON_NAME = AppIcon;
				CODE_SIGN_STYLE = Automatic;
				DEVELOPMENT_TEAM = V3FLFW82NB;
				INFOPLIST_FILE = Concentration/Info.plist;
				LD_RUNPATH_SEARCH_PATHS = (
					"$(inherited)",
					"@executable_path/Frameworks",
				);
				PRODUCT_BUNDLE_IDENTIFIER = com.swift.ldemdw.Concentration;
				PRODUCT_NAME = "$(TARGET_NAME)";
				SWIFT_VERSION = 5.0;
				TARGETED_DEVICE_FAMILY = "1,2";
			};
			name = Debug;
		};
		1635D213245561F700438727 /* Release */ = {
			isa = XCBuildConfiguration;
			buildSettings = {
				ASSETCATALOG_COMPILER_APPICON_NAME = AppIcon;
				CODE_SIGN_STYLE = Automatic;
				DEVELOPMENT_TEAM = V3FLFW82NB;
				INFOPLIST_FILE = Concentration/Info.plist;
				LD_RUNPATH_SEARCH_PATHS = (
					"$(inherited)",
					"@executable_path/Frameworks",
				);
				PRODUCT_BUNDLE_IDENTIFIER = com.swift.ldemdw.Concentration;
				PRODUCT_NAME = "$(TARGET_NAME)";
				SWIFT_VERSION = 5.0;
				TARGETED_DEVICE_FAMILY = "1,2";
			};
			name = Release;
		};
/* End XCBuildConfiguration section */

/* Begin XCConfigurationList section */
		1635D1F8245561EF00438727 /* Build configuration list for PBXProject "Concentration" */ = {
			isa = XCConfigurationList;
			buildConfigurations = (
				1635D20F245561F700438727 /* Debug */,
				1635D210245561F700438727 /* Release */,
			);
			defaultConfigurationIsVisible = 0;
			defaultConfigurationName = Release;
		};
		1635D211245561F700438727 /* Build configuration list for PBXNativeTarget "Concentration" */ = {
			isa = XCConfigurationList;
			buildConfigurations = (
				1635D212245561F700438727 /* Debug */,
				1635D213245561F700438727 /* Release */,
			);
			defaultConfigurationIsVisible = 0;
			defaultConfigurationName = Release;
		};
/* End XCConfigurationList section */
	};
	rootObject = 1635D1F5245561EF00438727 /* Project object */;
}
